[[package]]
name = "fpdf"
version = "1.7.2"
description = "Simple PDF generation for Python"
category = "main"
optional = false
python-versions = "*"

[[package]]
name = "peewee"
version = "3.15.4"
description = "a little orm"
category = "main"
optional = false
python-versions = "*"

[[package]]
name = "pymysql"
version = "1.0.2"
description = "Pure Python MySQL Driver"
category = "main"
optional = false
python-versions = ">=3.6"

[package.extras]
ed25519 = ["PyNaCl (>=1.4.0)"]
rsa = ["cryptography"]

[metadata]
lock-version = "1.1"
python-versions = "^3.9"
content-hash = "8caf0b9df914d1d3c6126f1f655dda93f170d4afbdce16b13c8a5793d3afcd8e"

[metadata.files]
fpdf = [
    {file = "fpdf-1.7.2.tar.gz", hash = "sha256:125840783289e7d12552b1e86ab692c37322e7a65b96a99e0ea86cca041b6779"},
]
peewee = [
    {file = "peewee-3.15.4.tar.gz", hash = "sha256:2581520c8dfbacd9d580c2719ae259f0637a9e46eda47dfc0ce01864c6366205"},
]
pymysql = [
    {file = "PyMySQL-1.0.2-py3-none-any.whl", hash = "sha256:41fc3a0c5013d5f039639442321185532e3e2c8924687abe6537de157d403641"},
    {file = "PyMySQL-1.0.2.tar.gz", hash = "sha256:816927a350f38d56072aeca5dfb10221fe1dc653745853d30a216637f5d7ad36"},
]
